PODS:
  - ComplimentaryGradientView (0.3.0)
  - CryptoSwift (1.0.0)
  - FWPopupView (4.0.8):
    - SnapKit
  - LYEmptyView (1.3.1)
  - Realm (3.18.0):
    - Realm/Headers (= 3.18.0)
  - Realm/Headers (3.18.0)
  - RealmSwift (3.18.0):
    - Realm (= 3.18.0)
  - SnapKit (4.0.1)

DEPENDENCIES:
  - ComplimentaryGradientView
  - CryptoSwift
  - FWPopupView
  - LYEmptyView
  - RealmSwift
  - SnapKit (~> 4.0.0)

SPEC REPOS:
  https://github.com/cocoapods/specs.git:
    - ComplimentaryGradientView
    - CryptoSwift
    - FWPopupView
    - LYEmptyView
    - Realm
    - RealmSwift
    - SnapKit

SPEC CHECKSUMS:
  ComplimentaryGradientView: d874186ea4c37bd08ebd1f2d229698416cacaa39
  CryptoSwift: d81eeaa59dc5a8d03720fe919a6fd07b51f7439f
  FWPopupView: 8357f7ab0185e1dcaaf888fbc8ee81ab8dccab72
  LYEmptyView: b6d418cfa38b78df0cf243f9a9c25ccbdc399922
  Realm: 7b3d04740facf45e958a514b466a32b04f1113d6
  RealmSwift: c817b5f374668cf08f649afb05f55d92a787649c
  SnapKit: 0de968a9fec17499afa29683b05d0c775b6d1c29

PODFILE CHECKSUM: fa72a270c52516a6f0ed3eaad05face43933c5b2

COCOAPODS: 1.6.1
