PODS:
  - Chrysan (1.5.0)
  - ComplimentaryGradientView (0.3.0)
  - CRBoxInputView (1.1.5):
    - Masonry
  - CropViewController (2.5.1)
  - CryptoSwift (1.0.0)
  - DKCamera (1.6.4)
  - DKImagePickerController (4.1.7):
    - DKImagePickerController/Camera (= 4.1.7)
    - DKImagePickerController/Core (= 4.1.7)
    - DKImagePickerController/ImageDataManager (= 4.1.7)
    - DKImagePickerController/InlineCamera (= 4.1.7)
    - DKImagePickerController/PhotoEditor (= 4.1.7)
    - DKImagePickerController/PhotoGallery (= 4.1.7)
    - DKImagePickerController/Resource (= 4.1.7)
  - DKImagePickerController/Camera (4.1.7):
    - DKCamera
    - DKImagePickerController/Core
  - DKImagePickerController/Core (4.1.7):
    - DKImagePickerController/ImageDataManager
    - DKImagePickerController/Resource
  - DKImagePickerController/ImageDataManager (4.1.7)
  - DKImagePickerController/InlineCamera (4.1.7):
    - DKCamera
    - DKImagePickerController/Core
  - DKImagePickerController/PhotoEditor (4.1.7):
    - CropViewController (~> 2.4)
    - DKImagePickerController/Core
  - DKImagePickerController/PhotoGallery (4.1.7):
    - DKImagePickerController/Core
    - DKPhotoGallery
  - DKImagePickerController/Resource (4.1.7)
  - DKPhotoGallery (0.0.14):
    - DKPhotoGallery/Core (= 0.0.14)
    - DKPhotoGallery/Model (= 0.0.14)
    - DKPhotoGallery/Preview (= 0.0.14)
    - DKPhotoGallery/Resource (= 0.0.14)
    - SDWebImage
    - SDWebImageFLPlugin
  - DKPhotoGallery/Core (0.0.14):
    - DKPhotoGallery/Model
    - DKPhotoGallery/Preview
    - SDWebImage
    - SDWebImageFLPlugin
  - DKPhotoGallery/Model (0.0.14):
    - SDWebImage
    - SDWebImageFLPlugin
  - DKPhotoGallery/Preview (0.0.14):
    - DKPhotoGallery/Model
    - DKPhotoGallery/Resource
    - SDWebImage
    - SDWebImageFLPlugin
  - DKPhotoGallery/Resource (0.0.14):
    - SDWebImage
    - SDWebImageFLPlugin
  - FLAnimatedImage (1.0.12)
  - FWPopupView (4.0.8):
    - SnapKit
  - Google-Mobile-Ads-SDK (7.53.1):
    - GoogleAppMeasurement (~> 6.0)
  - GoogleAppMeasurement (6.1.7):
    - GoogleUtilities/AppDelegateSwizzler (~> 6.0)
    - GoogleUtilities/MethodSwizzler (~> 6.0)
    - GoogleUtilities/Network (~> 6.0)
    - "GoogleUtilities/NSData+zlib (~> 6.0)"
    - nanopb (= 0.3.9011)
  - GoogleUtilities/AppDelegateSwizzler (6.4.0):
    - GoogleUtilities/Environment
    - GoogleUtilities/Logger
    - GoogleUtilities/Network
  - GoogleUtilities/Environment (6.4.0)
  - GoogleUtilities/Logger (6.4.0):
    - GoogleUtilities/Environment
  - GoogleUtilities/MethodSwizzler (6.4.0):
    - GoogleUtilities/Logger
  - GoogleUtilities/Network (6.4.0):
    - GoogleUtilities/Logger
    - "GoogleUtilities/NSData+zlib"
    - GoogleUtilities/Reachability
  - "GoogleUtilities/NSData+zlib (6.4.0)"
  - GoogleUtilities/Reachability (6.4.0):
    - GoogleUtilities/Logger
  - Hue (5.0.0)
  - IBAnimatable (6.0.0)
  - IQKeyboardManagerSwift (6.4.2)
  - JXPhotoBrowser (2.1.4):
    - JXPhotoBrowser/Kingfisher (= 2.1.4)
  - JXPhotoBrowser/Core (2.1.4)
  - JXPhotoBrowser/Kingfisher (2.1.4):
    - JXPhotoBrowser/Core
    - Kingfisher
  - Kingfisher (4.10.1)
  - LYEmptyView (1.3.1)
  - Masonry (1.1.0)
  - MobileVLCKit (3.3.8)
  - nanopb (0.3.9011):
    - nanopb/decode (= 0.3.9011)
    - nanopb/encode (= 0.3.9011)
  - nanopb/decode (0.3.9011)
  - nanopb/encode (0.3.9011)
  - NVActivityIndicatorView (4.8.0):
    - NVActivityIndicatorView/Presenter (= 4.8.0)
  - NVActivityIndicatorView/Presenter (4.8.0)
  - pop (1.0.12)
  - Reachability (3.2)
  - Realm (3.18.0):
    - Realm/Headers (= 3.18.0)
  - Realm/Headers (3.18.0)
  - RealmSwift (3.18.0):
    - Realm (= 3.18.0)
  - SDWebImage (5.7.1):
    - SDWebImage/Core (= 5.7.1)
  - SDWebImage/Core (5.7.1)
  - SDWebImageFLPlugin (0.3.0):
    - FLAnimatedImage (>= 1.0.11)
    - SDWebImage/Core (~> 5.0)
  - SJBaseVideoPlayer (3.1.1):
    - Masonry
    - Reachability
    - SJBaseVideoPlayer/AVPlayer (= 3.1.1)
    - SJBaseVideoPlayer/Const (= 3.1.1)
    - SJBaseVideoPlayer/Header (= 3.1.1)
    - SJBaseVideoPlayer/Model (= 3.1.1)
    - SJBaseVideoPlayer/SJDeviceVolumeAndBrightnessManager (= 3.1.1)
    - SJBaseVideoPlayer/Tool (= 3.1.1)
    - SJUIKit/ObserverHelper (>= 0.0.0.31)
    - SJUIKit/Queues (>= 0.0.0.31)
  - SJBaseVideoPlayer/AVPlayer (3.1.1):
    - Masonry
    - Reachability
    - SJBaseVideoPlayer/AVPlayer/Core (= 3.1.1)
    - SJBaseVideoPlayer/Tool
    - SJUIKit/ObserverHelper (>= 0.0.0.31)
    - SJUIKit/Queues (>= 0.0.0.31)
  - SJBaseVideoPlayer/AVPlayer/Core (3.1.1):
    - Masonry
    - Reachability
    - SJBaseVideoPlayer/Tool
    - SJUIKit/ObserverHelper (>= 0.0.0.31)
    - SJUIKit/Queues (>= 0.0.0.31)
  - SJBaseVideoPlayer/Const (3.1.1):
    - Masonry
    - Reachability
    - SJUIKit/ObserverHelper (>= 0.0.0.31)
    - SJUIKit/Queues (>= 0.0.0.31)
  - SJBaseVideoPlayer/Header (3.1.1):
    - Masonry
    - Reachability
    - SJUIKit/ObserverHelper (>= 0.0.0.31)
    - SJUIKit/Queues (>= 0.0.0.31)
  - SJBaseVideoPlayer/Model (3.1.1):
    - Masonry
    - Reachability
    - SJBaseVideoPlayer/Header
    - SJUIKit/ObserverHelper (>= 0.0.0.31)
    - SJUIKit/Queues (>= 0.0.0.31)
  - SJBaseVideoPlayer/SJDeviceVolumeAndBrightnessManager (3.1.1):
    - Masonry
    - Reachability
    - SJBaseVideoPlayer/Const
    - SJBaseVideoPlayer/Header
    - SJBaseVideoPlayer/SJDeviceVolumeAndBrightnessManager/Core (= 3.1.1)
    - SJBaseVideoPlayer/SJDeviceVolumeAndBrightnessManager/ResourceLoader (= 3.1.1)
    - SJUIKit/ObserverHelper (>= 0.0.0.31)
    - SJUIKit/Queues (>= 0.0.0.31)
  - SJBaseVideoPlayer/SJDeviceVolumeAndBrightnessManager/Core (3.1.1):
    - Masonry
    - Reachability
    - SJBaseVideoPlayer/Const
    - SJBaseVideoPlayer/Header
    - SJBaseVideoPlayer/SJDeviceVolumeAndBrightnessManager/ResourceLoader
    - SJUIKit/ObserverHelper (>= 0.0.0.31)
    - SJUIKit/Queues (>= 0.0.0.31)
  - SJBaseVideoPlayer/SJDeviceVolumeAndBrightnessManager/ResourceLoader (3.1.1):
    - Masonry
    - Reachability
    - SJBaseVideoPlayer/Const
    - SJBaseVideoPlayer/Header
    - SJUIKit/ObserverHelper (>= 0.0.0.31)
    - SJUIKit/Queues (>= 0.0.0.31)
  - SJBaseVideoPlayer/Tool (3.1.1):
    - Masonry
    - Reachability
    - SJBaseVideoPlayer/Const
    - SJBaseVideoPlayer/Header
    - SJBaseVideoPlayer/Model
    - SJUIKit/ObserverHelper (>= 0.0.0.31)
    - SJUIKit/Queues (>= 0.0.0.31)
  - SJRouter (0.0.12):
    - SJRouter/Core (= 0.0.12)
  - SJRouter/Core (0.0.12)
  - SJUIKit/AttributesFactory (0.0.0.38):
    - SJUIKit/AttributesFactory/Deprecated (= 0.0.0.38)
    - SJUIKit/AttributesFactory/UIKitText (= 0.0.0.38)
  - SJUIKit/AttributesFactory/Deprecated (0.0.0.38)
  - SJUIKit/AttributesFactory/UIKitText (0.0.0.38)
  - SJUIKit/ObserverHelper (0.0.0.38)
  - SJUIKit/Queues (0.0.0.38)
  - SJVideoPlayer (3.0.5):
    - Masonry
    - SJBaseVideoPlayer (>= 3.0.0)
    - SJUIKit/AttributesFactory
    - SJVideoPlayer/Adapters (= 3.0.5)
    - SJVideoPlayer/Common (= 3.0.5)
    - SJVideoPlayer/Settings (= 3.0.5)
    - SJVideoPlayer/SJEdgeControlLayer (= 3.0.5)
    - SJVideoPlayer/SJFilmEditingControlLayer (= 3.0.5)
    - SJVideoPlayer/SJFloatSmallViewControlLayer (= 3.0.5)
    - SJVideoPlayer/SJLoadFailedControlLayer (= 3.0.5)
    - SJVideoPlayer/SJMoreSettingControlLayer (= 3.0.5)
    - SJVideoPlayer/SJNotReachableControlLayer (= 3.0.5)
    - SJVideoPlayer/SJProgressSlider (= 3.0.5)
    - SJVideoPlayer/SJSwitchVideoDefinitionControlLayer (= 3.0.5)
    - SJVideoPlayer/Switcher (= 3.0.5)
  - SJVideoPlayer/Adapters (3.0.5):
    - Masonry
    - SJBaseVideoPlayer (>= 3.0.0)
    - SJUIKit/AttributesFactory
    - SJVideoPlayer/Common
  - SJVideoPlayer/Common (3.0.5):
    - Masonry
    - SJBaseVideoPlayer (>= 3.0.0)
    - SJUIKit/AttributesFactory
  - SJVideoPlayer/Settings (3.0.5):
    - Masonry
    - SJBaseVideoPlayer (>= 3.0.0)
    - SJUIKit/AttributesFactory
    - SJVideoPlayer/SJEdgeControlLayer/ResourceLoader
    - SJVideoPlayer/SJFilmEditingControlLayer/ResourceLoader
    - SJVideoPlayer/SJFloatSmallViewControlLayer/ResourceLoader
  - SJVideoPlayer/SJEdgeControlLayer (3.0.5):
    - Masonry
    - SJBaseVideoPlayer (>= 3.0.0)
    - SJUIKit/AttributesFactory
    - SJVideoPlayer/Adapters
    - SJVideoPlayer/Common
    - SJVideoPlayer/SJEdgeControlLayer/Defines (= 3.0.5)
    - SJVideoPlayer/SJEdgeControlLayer/ResourceLoader (= 3.0.5)
    - SJVideoPlayer/SJEdgeControlLayer/View (= 3.0.5)
    - SJVideoPlayer/SJProgressSlider
    - SJVideoPlayer/Switcher
  - SJVideoPlayer/SJEdgeControlLayer/Defines (3.0.5):
    - Masonry
    - SJBaseVideoPlayer (>= 3.0.0)
    - SJUIKit/AttributesFactory
    - SJVideoPlayer/Adapters
    - SJVideoPlayer/Common
    - SJVideoPlayer/SJProgressSlider
    - SJVideoPlayer/Switcher
  - SJVideoPlayer/SJEdgeControlLayer/ResourceLoader (3.0.5):
    - Masonry
    - SJBaseVideoPlayer (>= 3.0.0)
    - SJUIKit/AttributesFactory
    - SJVideoPlayer/Adapters
    - SJVideoPlayer/Common
    - SJVideoPlayer/SJProgressSlider
    - SJVideoPlayer/Switcher
  - SJVideoPlayer/SJEdgeControlLayer/View (3.0.5):
    - Masonry
    - SJBaseVideoPlayer (>= 3.0.0)
    - SJUIKit/AttributesFactory
    - SJVideoPlayer/Adapters
    - SJVideoPlayer/Common
    - SJVideoPlayer/SJEdgeControlLayer/Defines
    - SJVideoPlayer/SJEdgeControlLayer/ResourceLoader
    - SJVideoPlayer/SJProgressSlider
    - SJVideoPlayer/Switcher
  - SJVideoPlayer/SJFilmEditingControlLayer (3.0.5):
    - Masonry
    - SJBaseVideoPlayer (>= 3.0.0)
    - SJUIKit/AttributesFactory
    - SJVideoPlayer/Adapters
    - SJVideoPlayer/SJFilmEditingControlLayer/Core (= 3.0.5)
    - SJVideoPlayer/SJFilmEditingControlLayer/ResourceLoader (= 3.0.5)
    - SJVideoPlayer/SJProgressSlider
    - SJVideoPlayer/Switcher
  - SJVideoPlayer/SJFilmEditingControlLayer/Core (3.0.5):
    - Masonry
    - SJBaseVideoPlayer (>= 3.0.0)
    - SJUIKit/AttributesFactory
    - SJVideoPlayer/Adapters
    - SJVideoPlayer/SJFilmEditingControlLayer/ResourceLoader
    - SJVideoPlayer/SJProgressSlider
    - SJVideoPlayer/Switcher
  - SJVideoPlayer/SJFilmEditingControlLayer/ResourceLoader (3.0.5):
    - Masonry
    - SJBaseVideoPlayer (>= 3.0.0)
    - SJUIKit/AttributesFactory
    - SJVideoPlayer/Adapters
    - SJVideoPlayer/SJProgressSlider
    - SJVideoPlayer/Switcher
  - SJVideoPlayer/SJFloatSmallViewControlLayer (3.0.5):
    - Masonry
    - SJBaseVideoPlayer (>= 3.0.0)
    - SJUIKit/AttributesFactory
    - SJVideoPlayer/Adapters
    - SJVideoPlayer/Common
    - SJVideoPlayer/SJFloatSmallViewControlLayer/ResourceLoader (= 3.0.5)
    - SJVideoPlayer/Switcher
  - SJVideoPlayer/SJFloatSmallViewControlLayer/ResourceLoader (3.0.5):
    - Masonry
    - SJBaseVideoPlayer (>= 3.0.0)
    - SJUIKit/AttributesFactory
    - SJVideoPlayer/Adapters
    - SJVideoPlayer/Common
    - SJVideoPlayer/Switcher
  - SJVideoPlayer/SJLoadFailedControlLayer (3.0.5):
    - Masonry
    - SJBaseVideoPlayer (>= 3.0.0)
    - SJUIKit/AttributesFactory
    - SJVideoPlayer/SJNotReachableControlLayer
  - SJVideoPlayer/SJMoreSettingControlLayer (3.0.5):
    - Masonry
    - SJBaseVideoPlayer (>= 3.0.0)
    - SJUIKit/AttributesFactory
    - SJVideoPlayer/SJEdgeControlLayer
  - SJVideoPlayer/SJNotReachableControlLayer (3.0.5):
    - Masonry
    - SJBaseVideoPlayer (>= 3.0.0)
    - SJUIKit/AttributesFactory
    - SJVideoPlayer/SJEdgeControlLayer
  - SJVideoPlayer/SJProgressSlider (3.0.5):
    - Masonry
    - SJBaseVideoPlayer (>= 3.0.0)
    - SJUIKit/AttributesFactory
  - SJVideoPlayer/SJSwitchVideoDefinitionControlLayer (3.0.5):
    - Masonry
    - SJBaseVideoPlayer (>= 3.0.0)
    - SJUIKit/AttributesFactory
    - SJVideoPlayer/Adapters
    - SJVideoPlayer/Common
    - SJVideoPlayer/Switcher
  - SJVideoPlayer/Switcher (3.0.5):
    - Masonry
    - SJBaseVideoPlayer (>= 3.0.0)
    - SJUIKit/AttributesFactory
  - SnapKit (4.0.1)
  - SSZipArchive (2.2.2)

DEPENDENCIES:
  - Chrysan
  - ComplimentaryGradientView
  - CRBoxInputView (= 1.1.5)
  - CryptoSwift
  - DKImagePickerController
  - FWPopupView
  - Google-Mobile-Ads-SDK
  - Hue
  - IBAnimatable
  - IQKeyboardManagerSwift
  - JXPhotoBrowser
  - Kingfisher
  - LYEmptyView
  - MobileVLCKit
  - NVActivityIndicatorView
  - pop
  - RealmSwift
  - SJRouter
  - SJVideoPlayer
  - SnapKit (~> 4.0.0)
  - SSZipArchive

SPEC REPOS:
  trunk:
    - Chrysan
    - ComplimentaryGradientView
    - CRBoxInputView
    - CropViewController
    - CryptoSwift
    - DKCamera
    - DKImagePickerController
    - DKPhotoGallery
    - FLAnimatedImage
    - FWPopupView
    - Google-Mobile-Ads-SDK
    - GoogleAppMeasurement
    - GoogleUtilities
    - Hue
    - IBAnimatable
    - IQKeyboardManagerSwift
    - JXPhotoBrowser
    - Kingfisher
    - LYEmptyView
    - Masonry
    - MobileVLCKit
    - nanopb
    - NVActivityIndicatorView
    - pop
    - Reachability
    - Realm
    - RealmSwift
    - SDWebImage
    - SDWebImageFLPlugin
    - SJBaseVideoPlayer
    - SJRouter
    - SJUIKit
    - SJVideoPlayer
    - SnapKit
    - SSZipArchive

SPEC CHECKSUMS:
  Chrysan: 6bf6682adb2db76f7f5c103930a8c6670f54eebe
  ComplimentaryGradientView: d874186ea4c37bd08ebd1f2d229698416cacaa39
  CRBoxInputView: 40aeedca17d33f7464cc3c3b7d75019ae5a9533b
  CropViewController: 10ba7af75e302f2db7eb913f8aa1156f95cfe88e
  CryptoSwift: d81eeaa59dc5a8d03720fe919a6fd07b51f7439f
  DKCamera: 61fa47629a39354e5111bca1fe96695de020dcb9
  DKImagePickerController: 6ffad961c212b0debf644f3d1aa72d0a2ee03d5f
  DKPhotoGallery: 0290d32343574f06eaa4c26f8f2f8a1035e916be
  FLAnimatedImage: 4a0b56255d9b05f18b6dd7ee06871be5d3b89e31
  FWPopupView: 8357f7ab0185e1dcaaf888fbc8ee81ab8dccab72
  Google-Mobile-Ads-SDK: fac081606dbd438d8db57198b83ba8b5f875a601
  GoogleAppMeasurement: db118eb61a97dd8c4f7014e368d3c335cbbcf80a
  GoogleUtilities: 29bd0d8f850efbd28cff6d99e8b7da1f8d236bcf
  Hue: c129cb67be7d093a82bbbc30ce8a96757bf6f37a
  IBAnimatable: d49f9fee0c401b5b08d31b77256b77fb067e0e92
  IQKeyboardManagerSwift: 79a3ec200dfb41cb66a89b8575417b5378107c5d
  JXPhotoBrowser: 12f72156f34bc7f49e2d22bb20259b0f1b5c2076
  Kingfisher: c148cd7b47ebde9989f6bc7c27dcaa79d81279a0
  LYEmptyView: b6d418cfa38b78df0cf243f9a9c25ccbdc399922
  Masonry: 678fab65091a9290e40e2832a55e7ab731aad201
  MobileVLCKit: f2d012b084c1f6e491f4c163bc3108dc92c1417e
  nanopb: 18003b5e52dab79db540fe93fe9579f399bd1ccd
  NVActivityIndicatorView: d24b7ebcf80af5dcd994adb650e2b6c93379270f
  pop: d582054913807fd11fd50bfe6a539d91c7e1a55a
  Reachability: 33e18b67625424e47b6cde6d202dce689ad7af96
  Realm: 7b3d04740facf45e958a514b466a32b04f1113d6
  RealmSwift: c817b5f374668cf08f649afb05f55d92a787649c
  SDWebImage: 5d4cf6afccd9ac1d2ee701ed0c4917cbb1b80536
  SDWebImageFLPlugin: cf3f4ae49f249dd785129346fd61bbc8433a88cf
  SJBaseVideoPlayer: 304cfbc3647a4ac120b3d2455befa260f64536f7
  SJRouter: 702a0d06811fc2da02d6145bc7abb9f633fdc612
  SJUIKit: 3a8af44f281bc620f94e277f8cc586d6e4e0913a
  SJVideoPlayer: fc86eb5c010495404510cef3d3291fb5dcbf4afc
  SnapKit: 0de968a9fec17499afa29683b05d0c775b6d1c29
  SSZipArchive: fa16b8cc4cdeceb698e5e5d9f67e9558532fbf23

PODFILE CHECKSUM: 3524d2cadcb3650c1dcd54662b684ccfb4dd4644

COCOAPODS: 1.8.4
